#MicroXplorer Configuration settings - do not modify
Mcu.Family=STM32F1
PA6.GPIOParameters=GPIO_PuPd
RCC.PLLSourceVirtual=RCC_PLLSOURCE_HSE
ProjectManager.MainLocation=Core/Src
RCC.MCOFreq_Value=8000000
ProjectManager.ProjectFileName=STM_LCD_RFID.ioc
PD1-OSC_OUT.Mode=HSE-External-Oscillator
ProjectManager.KeepUserCode=true
PB10.GPIO_Speed=GPIO_SPEED_FREQ_MEDIUM
Mcu.UserName=STM32F103C8Tx
Mcu.PinsNb=18
SPI2.VirtualType=VM_MASTER
ProjectManager.NoMain=false
RCC.PLLCLKFreq_Value=16000000
PC13-TAMPER-RTC.GPIOParameters=GPIO_Speed
ProjectManager.functionlistsort=1-MX_GPIO_Init-GPIO-false-HAL-true,2-SystemClock_Config-RCC-false-HAL-false,3-MX_I2C1_Init-I2C1-false-HAL-true,4-MX_TIM2_Init-TIM2-false-HAL-true,5-MX_SPI2_Init-SPI2-false-HAL-true
PC13-TAMPER-RTC.Signal=GPIO_Output
RCC.ADCFreqValue=4000000
ProjectManager.DefaultFWLocation=true
PD0-OSC_IN.Signal=RCC_OSC_IN
PB12.Locked=true
ProjectManager.DeletePrevious=true
TIM2.Channel-PWM\ Generation2\ CH2=TIM_CHANNEL_2
PB10.Locked=true
PB11.Signal=GPIO_Output
PB13.Signal=SPI2_SCK
PB15.Signal=SPI2_MOSI
PinOutPanel.RotationAngle=0
RCC.FamilyName=M
RCC.SYSCLKSource=RCC_SYSCLKSOURCE_HSE
ProjectManager.StackSize=0x400
PB5.GPIOParameters=GPIO_PuPd
PB11.GPIO_Speed=GPIO_SPEED_FREQ_MEDIUM
PD1-OSC_OUT.Signal=RCC_OSC_OUT
PA13.Signal=SYS_JTMS-SWDIO
Mcu.IP4=SYS
RCC.FCLKCortexFreq_Value=8000000
Mcu.IP5=TIM2
NVIC.SVCall_IRQn=true\:0\:0\:false\:false\:true\:false\:false
Mcu.IP2=RCC
Mcu.IP3=SPI2
SH.S_TIM2_CH2.0=TIM2_CH2,PWM Generation2 CH2
Mcu.IP0=I2C1
Mcu.IP1=NVIC
Mcu.UserConstants=
ProjectManager.TargetToolchain=MDK-ARM V5
SPI2.CRCCalculation=SPI_CRCCALCULATION_DISABLE
Mcu.ThirdPartyNb=0
RCC.HCLKFreq_Value=8000000
Mcu.IPNb=6
TIM2.IPParameters=Channel-PWM Generation2 CH2,Prescaler,Period,OCMode_PWM-PWM Generation2 CH2
ProjectManager.PreviousToolchain=STM32CubeIDE
RCC.APB2TimFreq_Value=8000000
SH.S_TIM2_CH2.ConfNb=1
PB6.Signal=I2C1_SCL
PB11.GPIOParameters=GPIO_Speed,PinState
PB12.PinState=GPIO_PIN_SET
PB5.Locked=true
PB6.Mode=I2C
SPI2.IPParameters=VirtualType,Mode,Direction,CalculateBaudRate,BaudRatePrescaler,CRCCalculation
Mcu.Pin6=PB11
Mcu.Pin7=PB12
VP_TIM2_VS_ClockSourceINT.Signal=TIM2_VS_ClockSourceINT
ProjectManager.RegisterCallBack=
PC13-TAMPER-RTC.Locked=true
Mcu.Pin8=PB13
RCC.USBFreq_Value=16000000
Mcu.Pin9=PB14
PA1.Signal=S_TIM2_CH2
RCC.AHBFreq_Value=8000000
SPI2.BaudRatePrescaler=SPI_BAUDRATEPRESCALER_16
PB12.GPIO_Speed=GPIO_SPEED_FREQ_HIGH
Mcu.Pin0=PC13-TAMPER-RTC
Mcu.Pin1=PD0-OSC_IN
GPIO.groupedBy=Group By Peripherals
PD0-OSC_IN.Mode=HSE-External-Oscillator
Mcu.Pin2=PD1-OSC_OUT
PB10.Signal=GPIO_Output
Mcu.Pin3=PA1
Mcu.Pin4=PA6
Mcu.Pin5=PB10
PB14.Signal=SPI2_MISO
ProjectManager.ProjectBuild=false
NVIC.UsageFault_IRQn=true\:0\:0\:false\:false\:true\:false\:false
NVIC.DebugMonitor_IRQn=true\:0\:0\:false\:false\:true\:false\:false
board=custom
NVIC.SysTick_IRQn=true\:0\:0\:false\:false\:true\:false\:true
ProjectManager.LastFirmware=true
PB15.Mode=Full_Duplex_Master
RCC.VCOOutput2Freq_Value=8000000
ProjectManager.FirmwarePackage=STM32Cube FW_F1 V1.8.4
MxDb.Version=DB.6.0.0
RCC.APB2Freq_Value=8000000
PA6.GPIO_PuPd=GPIO_PULLUP
TIM2.OCMode_PWM-PWM\ Generation2\ CH2=TIM_OCMODE_PWM1
ProjectManager.BackupPrevious=false
MxCube.Version=6.0.1
VP_TIM2_VS_ClockSourceINT.Mode=Internal
PA14.Mode=Serial_Wire
PB14.Mode=Full_Duplex_Master
File.Version=6
VP_SYS_VS_Systick.Mode=SysTick
SPI2.CalculateBaudRate=500.0 KBits/s
PB7.Signal=I2C1_SDA
NVIC.NonMaskableInt_IRQn=true\:0\:0\:false\:false\:true\:false\:false
NVIC.PendSV_IRQn=true\:0\:0\:false\:false\:true\:false\:false
TIM2.Period=200
PC13-TAMPER-RTC.GPIO_Speed=GPIO_SPEED_FREQ_MEDIUM
PA13.Mode=Serial_Wire
ProjectManager.FreePins=false
RCC.IPParameters=ADCFreqValue,AHBFreq_Value,APB1Freq_Value,APB1TimFreq_Value,APB2Freq_Value,APB2TimFreq_Value,FCLKCortexFreq_Value,FamilyName,HCLKFreq_Value,MCOFreq_Value,PLLCLKFreq_Value,PLLMCOFreq_Value,PLLSourceVirtual,SYSCLKFreq_VALUE,SYSCLKSource,TimSysFreq_Value,USBFreq_Value,VCOOutput2Freq_Value
ProjectManager.AskForMigrate=true
Mcu.Name=STM32F103C(8-B)Tx
ProjectManager.HalAssertFull=false
ProjectManager.ProjectName=STM_LCD_RFID
ProjectManager.UnderRoot=false
RCC.PLLMCOFreq_Value=8000000
ProjectManager.CoupleFile=false
RCC.SYSCLKFreq_VALUE=8000000
Mcu.Package=LQFP48
PB5.Signal=GPIO_Input
TIM2.Prescaler=799
PA6.Signal=GPIO_Input
RCC.TimSysFreq_Value=8000000
SPI2.Mode=SPI_MODE_MASTER
NVIC.ForceEnableDMAVector=true
KeepUserPlacement=false
PB5.GPIO_PuPd=GPIO_PULLUP
NVIC.MemoryManagement_IRQn=true\:0\:0\:false\:false\:true\:false\:false
ProjectManager.CompilerOptimize=6
ProjectManager.ToolChainLocation=
VP_SYS_VS_Systick.Signal=SYS_VS_Systick
PB7.Mode=I2C
PA14.Signal=SYS_JTCK-SWCLK
ProjectManager.HeapSize=0x200
PB11.PinState=GPIO_PIN_SET
Mcu.Pin15=PB7
NVIC.HardFault_IRQn=true\:0\:0\:false\:false\:true\:false\:false
Mcu.Pin16=VP_SYS_VS_Systick
Mcu.Pin13=PB5
Mcu.Pin14=PB6
ProjectManager.ComputerToolchain=false
Mcu.Pin17=VP_TIM2_VS_ClockSourceINT
NVIC.PriorityGroup=NVIC_PRIORITYGROUP_4
Mcu.Pin11=PA13
Mcu.Pin12=PA14
Mcu.Pin10=PB15
RCC.APB1TimFreq_Value=8000000
NVIC.BusFault_IRQn=true\:0\:0\:false\:false\:true\:false\:false
SPI2.Direction=SPI_DIRECTION_2LINES
PB10.GPIOParameters=GPIO_Speed
PB13.Mode=Full_Duplex_Master
RCC.APB1Freq_Value=8000000
ProjectManager.CustomerFirmwarePackage=
PB11.Locked=true
ProjectManager.DeviceId=STM32F103C8Tx
PB12.GPIOParameters=GPIO_Speed,PinState
PB12.Signal=GPIO_Output
ProjectManager.LibraryCopy=1
PA6.Locked=true
